PODS:
  - Flutter (1.0.0)
  - flutter_quickjs (0.0.1):
    - Flutter

DEPENDENCIES:
  - Flutter (from `Flutter`)
  - flutter_quickjs (from `.symlinks/plugins/flutter_quickjs/ios`)

EXTERNAL SOURCES:
  Flutter:
    :path: Flutter
  flutter_quickjs:
    :path: ".symlinks/plugins/flutter_quickjs/ios"

SPEC CHECKSUMS:
  Flutter: 0e3d915762c693b495b44d77113d4970485de6ec
  flutter_quickjs: 1af3a6742bf0760e445d0b606f5a54b7476877f6

PODFILE CHECKSUM: aafe91acc616949ddb318b77800a7f51bffa2a4c

COCOAPODS: 1.10.0
